
Microsoft Visual Studio Solution File, Format Version 12.00
# Visual Studio Version 17
VisualStudioVersion = 17.13.35825.156 d17.13
MinimumVisualStudioVersion = 10.0.40219.1
Project("{FAE04EC0-301F-11D3-BF4B-00C04F79EFBC}") = "Calc", "Calc\Calc.csproj", "{8A252DF8-7178-438F-A5D6-6A9FDA024556}"
EndProject
Project("{FAE04EC0-301F-11D3-BF4B-00C04F79EFBC}") = "CalcTest", "CalcTest\CalcTest.csproj", "{03CF72E3-EDD3-41E2-B3B4-178D2544072E}"
EndProject
Global
	GlobalSection(SolutionConfigurationPlatforms) = preSolution
		Debug|Any CPU = Debug|Any CPU
		Release|Any CPU = Release|Any CPU
	EndGlobalSection
	GlobalSection(ProjectConfigurationPlatforms) = postSolution
		{8A252DF8-7178-438F-A5D6-6A9FDA024556}.Debug|Any CPU.ActiveCfg = Debug|Any CPU
		{8A252DF8-7178-438F-A5D6-6A9FDA024556}.Debug|Any CPU.Build.0 = Debug|Any CPU
		{8A252DF8-7178-438F-A5D6-6A9FDA024556}.Release|Any CPU.ActiveCfg = Release|Any CPU
		{8A252DF8-7178-438F-A5D6-6A9FDA024556}.Release|Any CPU.Build.0 = Release|Any CPU
		{03CF72E3-EDD3-41E2-B3B4-178D2544072E}.Debug|Any CPU.ActiveCfg = Debug|Any CPU
		{03CF72E3-EDD3-41E2-B3B4-178D2544072E}.Debug|Any CPU.Build.0 = Debug|Any CPU
		{03CF72E3-EDD3-41E2-B3B4-178D2544072E}.Release|Any CPU.ActiveCfg = Release|Any CPU
		{03CF72E3-EDD3-41E2-B3B4-178D2544072E}.Release|Any CPU.Build.0 = Release|Any CPU
	EndGlobalSection
	GlobalSection(SolutionProperties) = preSolution
		HideSolutionNode = FALSE
	EndGlobalSection
	GlobalSection(ExtensibilityGlobals) = postSolution
		SolutionGuid = {81DC151A-D00A-4C33-8AAA-4B70D665414C}
	EndGlobalSection
EndGlobal
